
Microsoft Visual Studio Solution File, Format Version 12.00
# Visual Studio Version 16
VisualStudioVersion = 16.0.31410.357
MinimumVisualStudioVersion = 10.0.40219.1
Project("{FAE04EC0-301F-11D3-BF4B-00C04F79EFBC}") = "FE2_BT_2406", "FE2_BT_2406\FE2_BT_2406.csproj", "{52B790E0-A12A-4C47-AC24-6B533409AD59}"
EndProject
Global
	GlobalSection(SolutionConfigurationPlatforms) = preSolution
		Debug|Any CPU = Debug|Any CPU
		Release|Any CPU = Release|Any CPU
	EndGlobalSection
	GlobalSection(ProjectConfigurationPlatforms) = postSolution
		{52B790E0-A12A-4C47-AC24-6B533409AD59}.Debug|Any CPU.ActiveCfg = Debug|Any CPU
		{52B790E0-A12A-4C47-AC24-6B533409AD59}.Debug|Any CPU.Build.0 = Debug|Any CPU
		{52B790E0-A12A-4C47-AC24-6B533409AD59}.Release|Any CPU.ActiveCfg = Release|Any CPU
		{52B790E0-A12A-4C47-AC24-6B533409AD59}.Release|Any CPU.Build.0 = Release|Any CPU
	EndGlobalSection
	GlobalSection(SolutionProperties) = preSolution
		HideSolutionNode = FALSE
	EndGlobalSection
	GlobalSection(ExtensibilityGlobals) = postSolution
		SolutionGuid = {E57ED316-5ED8-465F-A116-286F17C362D7}
	EndGlobalSection
EndGlobal
